PODS:
  - Siesta/Core (1.3.1)
  - Siesta/UI (1.3.1):
    - Siesta/Core

DEPENDENCIES:
  - Siesta/UI (from `../..`)

EXTERNAL SOURCES:
  Siesta:
    :path: ../..

SPEC CHECKSUMS:
  Siesta: d29b4eeb22f4c80e893daeb7cee183fb4a1abc38

PODFILE CHECKSUM: ae415ad9ad375272eab63ab45853da2148a7aa21

COCOAPODS: 1.4.0
